
Microsoft Visual Studio Solution File, Format Version 12.00
Project("{FAE04EC0-301F-11D3-BF4B-00C04F79EFBC}") = "6502", "6502\6502.csproj", "{4C86CD1C-105C-4C3C-BAE9-B4071BCF15D2}"
EndProject
Global
	GlobalSection(SolutionConfigurationPlatforms) = preSolution
		Debug|Any CPU = Debug|Any CPU
		Release|Any CPU = Release|Any CPU
	EndGlobalSection
	GlobalSection(ProjectConfigurationPlatforms) = postSolution
		{4C86CD1C-105C-4C3C-BAE9-B4071BCF15D2}.Debug|Any CPU.ActiveCfg = Debug|Any CPU
		{4C86CD1C-105C-4C3C-BAE9-B4071BCF15D2}.Debug|Any CPU.Build.0 = Debug|Any CPU
		{4C86CD1C-105C-4C3C-BAE9-B4071BCF15D2}.Release|Any CPU.ActiveCfg = Release|Any CPU
		{4C86CD1C-105C-4C3C-BAE9-B4071BCF15D2}.Release|Any CPU.Build.0 = Release|Any CPU
	EndGlobalSection
EndGlobal
